
Microsoft Visual Studio Solution File, Format Version 12.00
# Visual Studio Version 16
VisualStudioVersion = 16.0.30907.101
MinimumVisualStudioVersion = 10.0.40219.1
Project("{2150E333-8FDC-42A3-9474-1A3956D46DE8}") = "Task0", "Task0", "{BB40CBA2-A5C2-4127-B0F0-E21C7083DE92}"
EndProject
Project("{FAE04EC0-301F-11D3-BF4B-00C04F79EFBC}") = "Tyuiu.ShepiotkinIA.Sprint4.Task0.V7", "Tyuiu.ShepiotkinIA.Sprint4.Task0.V7\Tyuiu.ShepiotkinIA.Sprint4.Task0.V7.csproj", "{11E06EA0-73D3-4F67-BA4F-89AF5063796B}"
EndProject
Project("{FAE04EC0-301F-11D3-BF4B-00C04F79EFBC}") = "Tyuiu.ShepiotkinIA.Sprint4.Task0.V7.Test", "Tyuiu.ShepiotkinIA.Sprint4.Task0.V7.Test\Tyuiu.ShepiotkinIA.Sprint4.Task0.V7.Test.csproj", "{A07BD829-D4EF-4E3E-A4B5-5BEBA47ACDD3}"
EndProject
Project("{FAE04EC0-301F-11D3-BF4B-00C04F79EFBC}") = "Tyuiu.ShepiotkinIA.Sprint4.Task0.V7.Lib", "Tyuiu.ShepiotkinIA.Sprint4.Task0.V7.Lib\Tyuiu.ShepiotkinIA.Sprint4.Task0.V7.Lib.csproj", "{44C006D9-6215-45A0-8B80-2E4A97B2EA9F}"
EndProject
Project("{2150E333-8FDC-42A3-9474-1A3956D46DE8}") = "Task1", "Task1", "{C8D8AE51-9F5E-46D6-8407-EB56DE95FBCC}"
EndProject
Project("{FAE04EC0-301F-11D3-BF4B-00C04F79EFBC}") = "Tyuiu.ShepiotkinIA.Sprint4.Task1.V7.Lib", "Tyuiu.ShepiotkinIA.Sprint4.Task1.V7.Lib\Tyuiu.ShepiotkinIA.Sprint4.Task1.V7.Lib.csproj", "{9FF717C8-4709-47A7-8D8C-E1D37C1BED12}"
EndProject
Project("{FAE04EC0-301F-11D3-BF4B-00C04F79EFBC}") = "Tyuiu.ShepiotkinIA.Sprint4.Task1.V7", "Tyuiu.ShepiotkinIA.Sprint4.Task1.V7\Tyuiu.ShepiotkinIA.Sprint4.Task1.V7.csproj", "{C87828D9-074F-4F6E-9318-1E04F0962060}"
EndProject
Project("{FAE04EC0-301F-11D3-BF4B-00C04F79EFBC}") = "Tyuiu.ShepiotkinIA.Sprint4.Task1.V7.Test", "Tyuiu.ShepiotkinIA.Sprint4.Task1.V7.Test\Tyuiu.ShepiotkinIA.Sprint4.Task1.V7.Test.csproj", "{55F129C1-0123-4DEC-BE43-CD89F27B9B51}"
EndProject
Project("{2150E333-8FDC-42A3-9474-1A3956D46DE8}") = "Task2", "Task2", "{0552C159-C1FE-4E78-BBA7-3F5898328CFB}"
EndProject
Project("{FAE04EC0-301F-11D3-BF4B-00C04F79EFBC}") = "Tyuiu.ShepiotkinIA.Sprint4.Task2.V23", "Tyuiu.ShepiotkinIA.Sprint4.Task2.V23\Tyuiu.ShepiotkinIA.Sprint4.Task2.V23.csproj", "{0F8715A4-4272-4712-8DA3-5D84472C929E}"
EndProject
Project("{FAE04EC0-301F-11D3-BF4B-00C04F79EFBC}") = "Tyuiu.ShepiotkinIA.Sprint4.Task2.V23.Lib", "Tyuiu.ShepiotkinIA.Sprint4.Task2.V23.Lib\Tyuiu.ShepiotkinIA.Sprint4.Task2.V23.Lib.csproj", "{2C892FFE-B908-4236-B4AD-12390D8C9E7D}"
EndProject
Project("{FAE04EC0-301F-11D3-BF4B-00C04F79EFBC}") = "Tyuiu.ShepiotkinIA.Sprint4.Task2.V23.Test", "Tyuiu.ShepiotkinIA.Sprint4.Task2.V23.Test\Tyuiu.ShepiotkinIA.Sprint4.Task2.V23.Test.csproj", "{5935C33B-A307-41E6-8E8B-5AA32621A87E}"
EndProject
Project("{2150E333-8FDC-42A3-9474-1A3956D46DE8}") = "Task3", "Task3", "{B104E83E-128E-4654-A670-FF9D1E360841}"
EndProject
Project("{FAE04EC0-301F-11D3-BF4B-00C04F79EFBC}") = "Tyuiu.ShepiotkinIA.Sprint4.Task3.V24", "Tyuiu.ShepiotkinIA.Sprint4.Task3.V24\Tyuiu.ShepiotkinIA.Sprint4.Task3.V24.csproj", "{59730B23-C36B-4F58-876E-1CE61890283D}"
EndProject
Project("{FAE04EC0-301F-11D3-BF4B-00C04F79EFBC}") = "Tyuiu.ShepiotkinIA.Sprint4.Task3.V24.Lib", "Tyuiu.ShepiotkinIA.Sprint4.Task3.V24.Lib\Tyuiu.ShepiotkinIA.Sprint4.Task3.V24.Lib.csproj", "{B3A71D16-0172-4C86-8279-B0D301A5BBF9}"
EndProject
Project("{FAE04EC0-301F-11D3-BF4B-00C04F79EFBC}") = "Tyuiu.ShepiotkinIA.Sprint4.Task3.V24.Test", "Tyuiu.ShepiotkinIA.Sprint4.Task3.V24.Test\Tyuiu.ShepiotkinIA.Sprint4.Task3.V24.Test.csproj", "{F4F164BD-257E-44AA-A52E-86A752484F9E}"
EndProject
Project("{2150E333-8FDC-42A3-9474-1A3956D46DE8}") = "Task4", "Task4", "{8577706D-4693-4632-99BB-EA8A5524FC68}"
EndProject
Project("{FAE04EC0-301F-11D3-BF4B-00C04F79EFBC}") = "Tyuiu.ShepiotkinIA.Sprint4.Task4.V3", "Tyuiu.ShepiotkinIA.Sprint4.Task4.V3\Tyuiu.ShepiotkinIA.Sprint4.Task4.V3.csproj", "{1A6AFA09-963E-4BDB-A508-D985DACE6604}"
EndProject
Project("{FAE04EC0-301F-11D3-BF4B-00C04F79EFBC}") = "Tyuiu.ShepiotkinIA.Sprint4.Task4.V3.Test", "Tyuiu.ShepiotkinIA.Sprint4.Task4.V3.Test\Tyuiu.ShepiotkinIA.Sprint4.Task4.V3.Test.csproj", "{A336C98D-ADDF-4CAB-ADEC-82CB39DE3C8A}"
EndProject
Project("{FAE04EC0-301F-11D3-BF4B-00C04F79EFBC}") = "Tyuiu.ShepiotkinIA.Sprint4.Task4.V3.Lib", "Tyuiu.ShepiotkinIA.Sprint4.Task4.V3.Lib\Tyuiu.ShepiotkinIA.Sprint4.Task4.V3.Lib.csproj", "{8317957A-A928-43F4-AFD4-084CC6C052DD}"
EndProject
Project("{2150E333-8FDC-42A3-9474-1A3956D46DE8}") = "Task5", "Task5", "{B5E80743-8228-4BE4-B77E-D607DC92B3FE}"
EndProject
Project("{FAE04EC0-301F-11D3-BF4B-00C04F79EFBC}") = "Tyuiu.ShepiotkinIA.Sprint4.Task5.V10", "Tyuiu.ShepiotkinIA.Sprint4.Task5.V10\Tyuiu.ShepiotkinIA.Sprint4.Task5.V10.csproj", "{76CB38CE-686E-4811-9D7A-D973729AB9C6}"
EndProject
Project("{FAE04EC0-301F-11D3-BF4B-00C04F79EFBC}") = "Tyuiu.ShepiotkinIA.Sprint4.Task5.V10.Lib", "Tyuiu.ShepiotkinIA.Sprint4.Task5.V10.Lib\Tyuiu.ShepiotkinIA.Sprint4.Task5.V10.Lib.csproj", "{2B3766D1-9F92-44F1-A9B0-1D6D40DE1048}"
EndProject
Project("{FAE04EC0-301F-11D3-BF4B-00C04F79EFBC}") = "Tyuiu.ShepiotkinIA.Sprint4.Task5.V10.Test", "Tyuiu.ShepiotkinIA.Sprint4.Task5.V10.Test\Tyuiu.ShepiotkinIA.Sprint4.Task5.V10.Test.csproj", "{1BF7A0D9-A2FD-4A05-B416-20DD496638B0}"
EndProject
Global
	GlobalSection(SolutionConfigurationPlatforms) = preSolution
		Debug|Any CPU = Debug|Any CPU
		Release|Any CPU = Release|Any CPU
	EndGlobalSection
	GlobalSection(ProjectConfigurationPlatforms) = postSolution
		{11E06EA0-73D3-4F67-BA4F-89AF5063796B}.Debug|Any CPU.ActiveCfg = Debug|Any CPU
		{11E06EA0-73D3-4F67-BA4F-89AF5063796B}.Debug|Any CPU.Build.0 = Debug|Any CPU
		{11E06EA0-73D3-4F67-BA4F-89AF5063796B}.Release|Any CPU.ActiveCfg = Release|Any CPU
		{11E06EA0-73D3-4F67-BA4F-89AF5063796B}.Release|Any CPU.Build.0 = Release|Any CPU
		{A07BD829-D4EF-4E3E-A4B5-5BEBA47ACDD3}.Debug|Any CPU.ActiveCfg = Debug|Any CPU
		{A07BD829-D4EF-4E3E-A4B5-5BEBA47ACDD3}.Debug|Any CPU.Build.0 = Debug|Any CPU
		{A07BD829-D4EF-4E3E-A4B5-5BEBA47ACDD3}.Release|Any CPU.ActiveCfg = Release|Any CPU
		{A07BD829-D4EF-4E3E-A4B5-5BEBA47ACDD3}.Release|Any CPU.Build.0 = Release|Any CPU
		{44C006D9-6215-45A0-8B80-2E4A97B2EA9F}.Debug|Any CPU.ActiveCfg = Debug|Any CPU
		{44C006D9-6215-45A0-8B80-2E4A97B2EA9F}.Debug|Any CPU.Build.0 = Debug|Any CPU
		{44C006D9-6215-45A0-8B80-2E4A97B2EA9F}.Release|Any CPU.ActiveCfg = Release|Any CPU
		{44C006D9-6215-45A0-8B80-2E4A97B2EA9F}.Release|Any CPU.Build.0 = Release|Any CPU
		{9FF717C8-4709-47A7-8D8C-E1D37C1BED12}.Debug|Any CPU.ActiveCfg = Debug|Any CPU
		{9FF717C8-4709-47A7-8D8C-E1D37C1BED12}.Debug|Any CPU.Build.0 = Debug|Any CPU
		{9FF717C8-4709-47A7-8D8C-E1D37C1BED12}.Release|Any CPU.ActiveCfg = Release|Any CPU
		{9FF717C8-4709-47A7-8D8C-E1D37C1BED12}.Release|Any CPU.Build.0 = Release|Any CPU
		{C87828D9-074F-4F6E-9318-1E04F0962060}.Debug|Any CPU.ActiveCfg = Debug|Any CPU
		{C87828D9-074F-4F6E-9318-1E04F0962060}.Debug|Any CPU.Build.0 = Debug|Any CPU
		{C87828D9-074F-4F6E-9318-1E04F0962060}.Release|Any CPU.ActiveCfg = Release|Any CPU
		{C87828D9-074F-4F6E-9318-1E04F0962060}.Release|Any CPU.Build.0 = Release|Any CPU
		{55F129C1-0123-4DEC-BE43-CD89F27B9B51}.Debug|Any CPU.ActiveCfg = Debug|Any CPU
		{55F129C1-0123-4DEC-BE43-CD89F27B9B51}.Debug|Any CPU.Build.0 = Debug|Any CPU
		{55F129C1-0123-4DEC-BE43-CD89F27B9B51}.Release|Any CPU.ActiveCfg = Release|Any CPU
		{55F129C1-0123-4DEC-BE43-CD89F27B9B51}.Release|Any CPU.Build.0 = Release|Any CPU
		{0F8715A4-4272-4712-8DA3-5D84472C929E}.Debug|Any CPU.ActiveCfg = Debug|Any CPU
		{0F8715A4-4272-4712-8DA3-5D84472C929E}.Debug|Any CPU.Build.0 = Debug|Any CPU
		{0F8715A4-4272-4712-8DA3-5D84472C929E}.Release|Any CPU.ActiveCfg = Release|Any CPU
		{0F8715A4-4272-4712-8DA3-5D84472C929E}.Release|Any CPU.Build.0 = Release|Any CPU
		{2C892FFE-B908-4236-B4AD-12390D8C9E7D}.Debug|Any CPU.ActiveCfg = Debug|Any CPU
		{2C892FFE-B908-4236-B4AD-12390D8C9E7D}.Debug|Any CPU.Build.0 = Debug|Any CPU
		{2C892FFE-B908-4236-B4AD-12390D8C9E7D}.Release|Any CPU.ActiveCfg = Release|Any CPU
		{2C892FFE-B908-4236-B4AD-12390D8C9E7D}.Release|Any CPU.Build.0 = Release|Any CPU
		{5935C33B-A307-41E6-8E8B-5AA32621A87E}.Debug|Any CPU.ActiveCfg = Debug|Any CPU
		{5935C33B-A307-41E6-8E8B-5AA32621A87E}.Debug|Any CPU.Build.0 = Debug|Any CPU
		{5935C33B-A307-41E6-8E8B-5AA32621A87E}.Release|Any CPU.ActiveCfg = Release|Any CPU
		{5935C33B-A307-41E6-8E8B-5AA32621A87E}.Release|Any CPU.Build.0 = Release|Any CPU
		{59730B23-C36B-4F58-876E-1CE61890283D}.Debug|Any CPU.ActiveCfg = Debug|Any CPU
		{59730B23-C36B-4F58-876E-1CE61890283D}.Debug|Any CPU.Build.0 = Debug|Any CPU
		{59730B23-C36B-4F58-876E-1CE61890283D}.Release|Any CPU.ActiveCfg = Release|Any CPU
		{59730B23-C36B-4F58-876E-1CE61890283D}.Release|Any CPU.Build.0 = Release|Any CPU
		{B3A71D16-0172-4C86-8279-B0D301A5BBF9}.Debug|Any CPU.ActiveCfg = Debug|Any CPU
		{B3A71D16-0172-4C86-8279-B0D301A5BBF9}.Debug|Any CPU.Build.0 = Debug|Any CPU
		{B3A71D16-0172-4C86-8279-B0D301A5BBF9}.Release|Any CPU.ActiveCfg = Release|Any CPU
		{B3A71D16-0172-4C86-8279-B0D301A5BBF9}.Release|Any CPU.Build.0 = Release|Any CPU
		{F4F164BD-257E-44AA-A52E-86A752484F9E}.Debug|Any CPU.ActiveCfg = Debug|Any CPU
		{F4F164BD-257E-44AA-A52E-86A752484F9E}.Debug|Any CPU.Build.0 = Debug|Any CPU
		{F4F164BD-257E-44AA-A52E-86A752484F9E}.Release|Any CPU.ActiveCfg = Release|Any CPU
		{F4F164BD-257E-44AA-A52E-86A752484F9E}.Release|Any CPU.Build.0 = Release|Any CPU
		{1A6AFA09-963E-4BDB-A508-D985DACE6604}.Debug|Any CPU.ActiveCfg = Debug|Any CPU
		{1A6AFA09-963E-4BDB-A508-D985DACE6604}.Debug|Any CPU.Build.0 = Debug|Any CPU
		{1A6AFA09-963E-4BDB-A508-D985DACE6604}.Release|Any CPU.ActiveCfg = Release|Any CPU
		{1A6AFA09-963E-4BDB-A508-D985DACE6604}.Release|Any CPU.Build.0 = Release|Any CPU
		{A336C98D-ADDF-4CAB-ADEC-82CB39DE3C8A}.Debug|Any CPU.ActiveCfg = Debug|Any CPU
		{A336C98D-ADDF-4CAB-ADEC-82CB39DE3C8A}.Debug|Any CPU.Build.0 = Debug|Any CPU
		{A336C98D-ADDF-4CAB-ADEC-82CB39DE3C8A}.Release|Any CPU.ActiveCfg = Release|Any CPU
		{A336C98D-ADDF-4CAB-ADEC-82CB39DE3C8A}.Release|Any CPU.Build.0 = Release|Any CPU
		{8317957A-A928-43F4-AFD4-084CC6C052DD}.Debug|Any CPU.ActiveCfg = Debug|Any CPU
		{8317957A-A928-43F4-AFD4-084CC6C052DD}.Debug|Any CPU.Build.0 = Debug|Any CPU
		{8317957A-A928-43F4-AFD4-084CC6C052DD}.Release|Any CPU.ActiveCfg = Release|Any CPU
		{8317957A-A928-43F4-AFD4-084CC6C052DD}.Release|Any CPU.Build.0 = Release|Any CPU
		{76CB38CE-686E-4811-9D7A-D973729AB9C6}.Debug|Any CPU.ActiveCfg = Debug|Any CPU
		{76CB38CE-686E-4811-9D7A-D973729AB9C6}.Debug|Any CPU.Build.0 = Debug|Any CPU
		{76CB38CE-686E-4811-9D7A-D973729AB9C6}.Release|Any CPU.ActiveCfg = Release|Any CPU
		{76CB38CE-686E-4811-9D7A-D973729AB9C6}.Release|Any CPU.Build.0 = Release|Any CPU
		{2B3766D1-9F92-44F1-A9B0-1D6D40DE1048}.Debug|Any CPU.ActiveCfg = Debug|Any CPU
		{2B3766D1-9F92-44F1-A9B0-1D6D40DE1048}.Debug|Any CPU.Build.0 = Debug|Any CPU
		{2B3766D1-9F92-44F1-A9B0-1D6D40DE1048}.Release|Any CPU.ActiveCfg = Release|Any CPU
		{2B3766D1-9F92-44F1-A9B0-1D6D40DE1048}.Release|Any CPU.Build.0 = Release|Any CPU
		{1BF7A0D9-A2FD-4A05-B416-20DD496638B0}.Debug|Any CPU.ActiveCfg = Debug|Any CPU
		{1BF7A0D9-A2FD-4A05-B416-20DD496638B0}.Debug|Any CPU.Build.0 = Debug|Any CPU
		{1BF7A0D9-A2FD-4A05-B416-20DD496638B0}.Release|Any CPU.ActiveCfg = Release|Any CPU
		{1BF7A0D9-A2FD-4A05-B416-20DD496638B0}.Release|Any CPU.Build.0 = Release|Any CPU
	EndGlobalSection
	GlobalSection(SolutionProperties) = preSolution
		HideSolutionNode = FALSE
	EndGlobalSection
	GlobalSection(NestedProjects) = preSolution
		{11E06EA0-73D3-4F67-BA4F-89AF5063796B} = {BB40CBA2-A5C2-4127-B0F0-E21C7083DE92}
		{A07BD829-D4EF-4E3E-A4B5-5BEBA47ACDD3} = {BB40CBA2-A5C2-4127-B0F0-E21C7083DE92}
		{44C006D9-6215-45A0-8B80-2E4A97B2EA9F} = {BB40CBA2-A5C2-4127-B0F0-E21C7083DE92}
		{9FF717C8-4709-47A7-8D8C-E1D37C1BED12} = {C8D8AE51-9F5E-46D6-8407-EB56DE95FBCC}
		{C87828D9-074F-4F6E-9318-1E04F0962060} = {C8D8AE51-9F5E-46D6-8407-EB56DE95FBCC}
		{55F129C1-0123-4DEC-BE43-CD89F27B9B51} = {C8D8AE51-9F5E-46D6-8407-EB56DE95FBCC}
		{0F8715A4-4272-4712-8DA3-5D84472C929E} = {0552C159-C1FE-4E78-BBA7-3F5898328CFB}
		{2C892FFE-B908-4236-B4AD-12390D8C9E7D} = {0552C159-C1FE-4E78-BBA7-3F5898328CFB}
		{5935C33B-A307-41E6-8E8B-5AA32621A87E} = {0552C159-C1FE-4E78-BBA7-3F5898328CFB}
		{59730B23-C36B-4F58-876E-1CE61890283D} = {B104E83E-128E-4654-A670-FF9D1E360841}
		{B3A71D16-0172-4C86-8279-B0D301A5BBF9} = {B104E83E-128E-4654-A670-FF9D1E360841}
		{F4F164BD-257E-44AA-A52E-86A752484F9E} = {B104E83E-128E-4654-A670-FF9D1E360841}
		{1A6AFA09-963E-4BDB-A508-D985DACE6604} = {8577706D-4693-4632-99BB-EA8A5524FC68}
		{A336C98D-ADDF-4CAB-ADEC-82CB39DE3C8A} = {8577706D-4693-4632-99BB-EA8A5524FC68}
		{8317957A-A928-43F4-AFD4-084CC6C052DD} = {8577706D-4693-4632-99BB-EA8A5524FC68}
		{76CB38CE-686E-4811-9D7A-D973729AB9C6} = {B5E80743-8228-4BE4-B77E-D607DC92B3FE}
		{2B3766D1-9F92-44F1-A9B0-1D6D40DE1048} = {B5E80743-8228-4BE4-B77E-D607DC92B3FE}
		{1BF7A0D9-A2FD-4A05-B416-20DD496638B0} = {B5E80743-8228-4BE4-B77E-D607DC92B3FE}
	EndGlobalSection
	GlobalSection(ExtensibilityGlobals) = postSolution
		SolutionGuid = {2B1B7C68-DFC7-414B-88C1-296FEC36836B}
	EndGlobalSection
EndGlobal
